
Microsoft Visual Studio Solution File, Format Version 12.00
# Visual Studio 15
VisualStudioVersion = 15.0.26430.12
MinimumVisualStudioVersion = 10.0.40219.1
Project("{FAE04EC0-301F-11D3-BF4B-00C04F79EFBC}") = "GettingStarted", "GettingStarted.csproj", "{A5F913FD-E541-4528-A55F-5383E9D72EA6}"
EndProject
Project("{FAE04EC0-301F-11D3-BF4B-00C04F79EFBC}") = "FavoriteFood", "..\FavoriteFood\FavoriteFood.csproj", "{C3D1C04B-BCED-4AFE-B3D0-70ACAAC8DEA4}"
EndProject
Project("{FAE04EC0-301F-11D3-BF4B-00C04F79EFBC}") = "PasswordAuthentication", "..\PasswordAuthentication\PasswordAuthentication.csproj", "{3F34D479-A3F9-4C04-8547-27BFBCE8145A}"
EndProject
Project("{FAE04EC0-301F-11D3-BF4B-00C04F79EFBC}") = "Largest", "..\Largest\Largest.csproj", "{3764DFA7-BC7C-4834-86F7-248248142C0A}"
EndProject
Project("{FAE04EC0-301F-11D3-BF4B-00C04F79EFBC}") = "GradeMatch", "..\GradeMatch\GradeMatch.csproj", "{1A00436E-3423-43B5-9C53-1709EFA55AFC}"
EndProject
Project("{FAE04EC0-301F-11D3-BF4B-00C04F79EFBC}") = "Palindrome", "..\Palindrome\Palindrome.csproj", "{E1F0606D-7283-48E3-8D24-89B901CDB7ED}"
EndProject
Project("{FAE04EC0-301F-11D3-BF4B-00C04F79EFBC}") = "Calculator", "..\Calculator\Calculator.csproj", "{8091CF6C-A40A-4CE1-A7F5-000DCB592D1F}"
EndProject
Global
	GlobalSection(SolutionConfigurationPlatforms) = preSolution
		Debug|Any CPU = Debug|Any CPU
		Release|Any CPU = Release|Any CPU
	EndGlobalSection
	GlobalSection(ProjectConfigurationPlatforms) = postSolution
		{A5F913FD-E541-4528-A55F-5383E9D72EA6}.Debug|Any CPU.ActiveCfg = Debug|Any CPU
		{A5F913FD-E541-4528-A55F-5383E9D72EA6}.Debug|Any CPU.Build.0 = Debug|Any CPU
		{A5F913FD-E541-4528-A55F-5383E9D72EA6}.Release|Any CPU.ActiveCfg = Release|Any CPU
		{A5F913FD-E541-4528-A55F-5383E9D72EA6}.Release|Any CPU.Build.0 = Release|Any CPU
		{C3D1C04B-BCED-4AFE-B3D0-70ACAAC8DEA4}.Debug|Any CPU.ActiveCfg = Debug|Any CPU
		{C3D1C04B-BCED-4AFE-B3D0-70ACAAC8DEA4}.Debug|Any CPU.Build.0 = Debug|Any CPU
		{C3D1C04B-BCED-4AFE-B3D0-70ACAAC8DEA4}.Release|Any CPU.ActiveCfg = Release|Any CPU
		{C3D1C04B-BCED-4AFE-B3D0-70ACAAC8DEA4}.Release|Any CPU.Build.0 = Release|Any CPU
		{3F34D479-A3F9-4C04-8547-27BFBCE8145A}.Debug|Any CPU.ActiveCfg = Debug|Any CPU
		{3F34D479-A3F9-4C04-8547-27BFBCE8145A}.Debug|Any CPU.Build.0 = Debug|Any CPU
		{3F34D479-A3F9-4C04-8547-27BFBCE8145A}.Release|Any CPU.ActiveCfg = Release|Any CPU
		{3F34D479-A3F9-4C04-8547-27BFBCE8145A}.Release|Any CPU.Build.0 = Release|Any CPU
		{3764DFA7-BC7C-4834-86F7-248248142C0A}.Debug|Any CPU.ActiveCfg = Debug|Any CPU
		{3764DFA7-BC7C-4834-86F7-248248142C0A}.Debug|Any CPU.Build.0 = Debug|Any CPU
		{3764DFA7-BC7C-4834-86F7-248248142C0A}.Release|Any CPU.ActiveCfg = Release|Any CPU
		{3764DFA7-BC7C-4834-86F7-248248142C0A}.Release|Any CPU.Build.0 = Release|Any CPU
		{1A00436E-3423-43B5-9C53-1709EFA55AFC}.Debug|Any CPU.ActiveCfg = Debug|Any CPU
		{1A00436E-3423-43B5-9C53-1709EFA55AFC}.Debug|Any CPU.Build.0 = Debug|Any CPU
		{1A00436E-3423-43B5-9C53-1709EFA55AFC}.Release|Any CPU.ActiveCfg = Release|Any CPU
		{1A00436E-3423-43B5-9C53-1709EFA55AFC}.Release|Any CPU.Build.0 = Release|Any CPU
		{E1F0606D-7283-48E3-8D24-89B901CDB7ED}.Debug|Any CPU.ActiveCfg = Debug|Any CPU
		{E1F0606D-7283-48E3-8D24-89B901CDB7ED}.Debug|Any CPU.Build.0 = Debug|Any CPU
		{E1F0606D-7283-48E3-8D24-89B901CDB7ED}.Release|Any CPU.ActiveCfg = Release|Any CPU
		{E1F0606D-7283-48E3-8D24-89B901CDB7ED}.Release|Any CPU.Build.0 = Release|Any CPU
		{8091CF6C-A40A-4CE1-A7F5-000DCB592D1F}.Debug|Any CPU.ActiveCfg = Debug|Any CPU
		{8091CF6C-A40A-4CE1-A7F5-000DCB592D1F}.Debug|Any CPU.Build.0 = Debug|Any CPU
		{8091CF6C-A40A-4CE1-A7F5-000DCB592D1F}.Release|Any CPU.ActiveCfg = Release|Any CPU
		{8091CF6C-A40A-4CE1-A7F5-000DCB592D1F}.Release|Any CPU.Build.0 = Release|Any CPU
	EndGlobalSection
	GlobalSection(SolutionProperties) = preSolution
		HideSolutionNode = FALSE
	EndGlobalSection
EndGlobal
